<?xml version="1.0" encoding="utf-8"?>
<Project ToolsVersion="4.0" xmlns="http://schemas.microsoft.com/developer/msbuild/2003">
  <ItemGroup>
    <Filter Include="Source Files">
      <UniqueIdentifier>{4FC737F1-C7A5-4376-A066-2A32D752A2FF}</UniqueIdentifier>
      <Extensions>cpp;c;cc;cxx;def;odl;idl;hpj;bat;asm;asmx</Extensions>
    </Filter>
    <Filter Include="Header Files">
      <UniqueIdentifier>{93995380-89BD-4b04-88EB-625FBE52EBFB}</UniqueIdentifier>
      <Extensions>h;hh;hpp;hxx;hm;inl;inc;xsd</Extensions>
    </Filter>
    <Filter Include="Resource Files">
      <UniqueIdentifier>{67DA6AB6-F800-4c08-8B7A-83BB121AAD01}</UniqueIdentifier>
      <Extensions>rc;ico;cur;bmp;dlg;rc2;rct;bin;rgs;gif;jpg;jpeg;jpe;resx;tiff;tif;png;wav;mfcribbon-ms</Extensions>
    </Filter>
    <Filter Include="Source Files\Cameras">
      <UniqueIdentifier>{66c561d9-4af4-478d-82bc-513ab9384d4c}</UniqueIdentifier>
    </Filter>
    <Filter Include="Header Files\Cameras">
      <UniqueIdentifier>{a83e431f-d925-46b0-b1dd-5e8e7ad9ce0a}</UniqueIdentifier>
    </Filter>
    <Filter Include="Header Files\Cameras\Base Camera Class">
      <UniqueIdentifier>{3f3b8a4f-5e42-4e85-a30d-1a02b375d61d}</UniqueIdentifier>
    </Filter>
    <Filter Include="Source Files\Cameras\Base Camera Class">
      <UniqueIdentifier>{f3c1f81b-683d-44ae-97ad-0dca5d9c644a}</UniqueIdentifier>
    </Filter>
    <Filter Include="Header Files\ShaderLoader">
      <UniqueIdentifier>{a5460da7-c710-4d3d-ac78-b958b09c4f74}</UniqueIdentifier>
    </Filter>
    <Filter Include="Source Files\ShaderLoader">
      <UniqueIdentifier>{caa0959f-82fe-48e0-8aeb-aaccf9892e8c}</UniqueIdentifier>
    </Filter>
    <Filter Include="Header Files\OBJ Loader">
      <UniqueIdentifier>{3492573b-db48-43ca-9d56-129f040a97e9}</UniqueIdentifier>
    </Filter>
    <Filter Include="Source Files\ImGui">
      <UniqueIdentifier>{e652e559-99af-4a30-8a9c-a62fb2d3ced0}</UniqueIdentifier>
    </Filter>
    <Filter Include="Header Files\Lights">
      <UniqueIdentifier>{993a7f3b-1ecc-4f30-ab8e-cbfafe7bb21a}</UniqueIdentifier>
    </Filter>
    <Filter Include="Source Files\Lights">
      <UniqueIdentifier>{cadb6e52-25c0-4ccf-962a-1eca73e83679}</UniqueIdentifier>
    </Filter>
    <Filter Include="Header Files\GUI">
      <UniqueIdentifier>{574e6957-4de1-4b29-8d31-6b8743313132}</UniqueIdentifier>
    </Filter>
    <Filter Include="Source Files\GUI">
      <UniqueIdentifier>{fa918fa5-397c-45b4-b121-485e390ee0dc}</UniqueIdentifier>
    </Filter>
    <Filter Include="Header Files\Cameras\SphereBoundingVolume">
      <UniqueIdentifier>{ae218cf5-c09e-41fc-9bf6-cd4a018852bb}</UniqueIdentifier>
    </Filter>
    <Filter Include="Source Files\Cameras\SphereBoundingVolume">
      <UniqueIdentifier>{cbeaa3eb-c9cd-4a73-b358-f0b535151f5d}</UniqueIdentifier>
    </Filter>
    <Filter Include="Source Files\Physics">
      <UniqueIdentifier>{6b95a159-bc26-493c-a69b-083cbb4b7dfc}</UniqueIdentifier>
    </Filter>
    <Filter Include="Header Files\Physics">
      <UniqueIdentifier>{8df1fe98-bb03-4624-9846-b679f3e2d4b9}</UniqueIdentifier>
    </Filter>
    <Filter Include="Header Files\AIE Classes">
      <UniqueIdentifier>{6ff55a42-ae9e-4bb7-b93b-789b2d44c302}</UniqueIdentifier>
    </Filter>
  </ItemGroup>
  <ItemGroup>
    <ClCompile Include="main.cpp">
      <Filter>Source Files</Filter>
    </ClCompile>
    <ClCompile Include="..\deps\gl_core_4_4\gl_core_4_4.c">
      <Filter>Source Files</Filter>
    </ClCompile>
    <ClCompile Include="FlyCamera.cpp">
      <Filter>Source Files\Cameras</Filter>
    </ClCompile>
    <ClCompile Include="Camera.cpp">
      <Filter>Source Files\Cameras\Base Camera Class</Filter>
    </ClCompile>
    <ClCompile Include="GeometryHelper.cpp">
      <Filter>Source Files\ShaderLoader</Filter>
    </ClCompile>
    <ClCompile Include="RenderData.cpp">
      <Filter>Source Files\ShaderLoader</Filter>
    </ClCompile>
    <ClCompile Include="Shader.cpp">
      <Filter>Source Files\ShaderLoader</Filter>
    </ClCompile>
    <ClCompile Include="tiny_obj_loader.cc">
      <Filter>Header Files\OBJ Loader</Filter>
    </ClCompile>
    <ClCompile Include="Texture.cpp">
      <Filter>Source Files\ShaderLoader</Filter>
    </ClCompile>
    <ClCompile Include="..\deps\imgui\imgui_draw.cpp">
      <Filter>Source Files\ImGui</Filter>
    </ClCompile>
    <ClCompile Include="imgui_glfw3.cpp">
      <Filter>Source Files\ImGui</Filter>
    </ClCompile>
    <ClCompile Include="Input.cpp">
      <Filter>Source Files\ImGui</Filter>
    </ClCompile>
    <ClCompile Include="DirectionalLight.cpp">
      <Filter>Source Files\Lights</Filter>
    </ClCompile>
    <ClCompile Include="..\deps\imgui\imgui.cpp">
      <Filter>Source Files\ImGui</Filter>
    </ClCompile>
    <ClCompile Include="Application.cpp">
      <Filter>Source Files</Filter>
    </ClCompile>
    <ClCompile Include="GUI.cpp">
      <Filter>Source Files\GUI</Filter>
    </ClCompile>
    <ClCompile Include="SphereBoundingVolume.cpp">
      <Filter>Source Files\Cameras\SphereBoundingVolume</Filter>
    </ClCompile>
    <ClCompile Include="PhysicsApp.cpp">
      <Filter>Source Files\Physics</Filter>
    </ClCompile>
    <ClCompile Include="PhysicsObject.cpp">
      <Filter>Source Files\Physics</Filter>
    </ClCompile>
    <ClCompile Include="PhysicsScene.cpp">
      <Filter>Source Files\Physics</Filter>
    </ClCompile>
    <ClCompile Include="AIE Classes\Font.cpp">
      <Filter>Header Files\AIE Classes</Filter>
    </ClCompile>
    <ClCompile Include="AIE Classes\Texture.cpp">
      <Filter>Header Files\AIE Classes</Filter>
    </ClCompile>
    <ClCompile Include="AIE Classes\Camera.cpp">
      <Filter>Header Files\AIE Classes</Filter>
    </ClCompile>
    <ClCompile Include="AIE Classes\SphereBoundingVolume.cpp">
      <Filter>Header Files\AIE Classes</Filter>
    </ClCompile>
    <ClCompile Include="GameObject.cpp">
      <Filter>Source Files\Physics</Filter>
    </ClCompile>
    <ClCompile Include="..\deps\aie\Gizmos.cpp">
      <Filter>Header Files\AIE Classes</Filter>
    </ClCompile>
    <ClCompile Include="AIE Classes\FlyCamera.cpp">
      <Filter>Header Files\AIE Classes</Filter>
    </ClCompile>
    <ClCompile Include="PhysicsCollision.cpp">
      <Filter>Source Files</Filter>
    </ClCompile>
  </ItemGroup>
  <ItemGroup>
    <ClInclude Include="..\deps\gl_core_4_4\gl_core_4_4.h">
      <Filter>Header Files</Filter>
    </ClInclude>
    <ClInclude Include="Application.h">
      <Filter>Header Files</Filter>
    </ClInclude>
    <ClInclude Include="FlyCamera.h">
      <Filter>Header Files\Cameras</Filter>
    </ClInclude>
    <ClInclude Include="Camera.h">
      <Filter>Header Files\Cameras\Base Camera Class</Filter>
    </ClInclude>
    <ClInclude Include="GeometryHelper.h">
      <Filter>Header Files\ShaderLoader</Filter>
    </ClInclude>
    <ClInclude Include="RenderData.h">
      <Filter>Header Files\ShaderLoader</Filter>
    </ClInclude>
    <ClInclude Include="Shader.h">
      <Filter>Header Files\ShaderLoader</Filter>
    </ClInclude>
    <ClInclude Include="tiny_obj_loader.h">
      <Filter>Header Files\OBJ Loader</Filter>
    </ClInclude>
    <ClInclude Include="Texture.h">
      <Filter>Header Files\ShaderLoader</Filter>
    </ClInclude>
    <ClInclude Include="imgui_glfw3.h">
      <Filter>Source Files\ImGui</Filter>
    </ClInclude>
    <ClInclude Include="..\deps\imgui\imgui_internal.h">
      <Filter>Source Files\ImGui</Filter>
    </ClInclude>
    <ClInclude Include="..\deps\imgui\imgui.h">
      <Filter>Source Files\ImGui</Filter>
    </ClInclude>
    <ClInclude Include="..\deps\imgui\imconfig.h">
      <Filter>Source Files\ImGui</Filter>
    </ClInclude>
    <ClInclude Include="Input.h">
      <Filter>Source Files\ImGui</Filter>
    </ClInclude>
    <ClInclude Include="Light.h">
      <Filter>Header Files\Lights</Filter>
    </ClInclude>
    <ClInclude Include="DirectionalLight.h">
      <Filter>Header Files\Lights</Filter>
    </ClInclude>
    <ClInclude Include="GUI.h">
      <Filter>Header Files\GUI</Filter>
    </ClInclude>
    <ClInclude Include="SphereBoundingVolume.h">
      <Filter>Header Files\Cameras\SphereBoundingVolume</Filter>
    </ClInclude>
    <ClInclude Include="PhysicsApp.h">
      <Filter>Header Files\Lights</Filter>
    </ClInclude>
    <ClInclude Include="PhysicsObject.h">
      <Filter>Header Files\Physics</Filter>
    </ClInclude>
    <ClInclude Include="PhysicsScene.h">
      <Filter>Header Files\Physics</Filter>
    </ClInclude>
    <ClInclude Include="AIE Classes\Font.h">
      <Filter>Header Files\AIE Classes</Filter>
    </ClInclude>
    <ClInclude Include="AIE Classes\Renderer2D.h">
      <Filter>Header Files\AIE Classes</Filter>
    </ClInclude>
    <ClInclude Include="AIE Classes\Texture.h">
      <Filter>Header Files\AIE Classes</Filter>
    </ClInclude>
    <ClInclude Include="AIE Classes\BoundingObject.h">
      <Filter>Header Files\AIE Classes</Filter>
    </ClInclude>
    <ClInclude Include="AIE Classes\Camera.h">
      <Filter>Header Files\AIE Classes</Filter>
    </ClInclude>
    <ClInclude Include="AIE Classes\FlyCamera.h">
      <Filter>Header Files\AIE Classes</Filter>
    </ClInclude>
    <ClInclude Include="AIE Classes\SphereBoundingVolume.h">
      <Filter>Header Files\AIE Classes</Filter>
    </ClInclude>
    <ClInclude Include="PhysicsShape.h">
      <Filter>Header Files\Physics</Filter>
    </ClInclude>
    <ClInclude Include="PhysicsSphereShape.h">
      <Filter>Header Files\Physics</Filter>
    </ClInclude>
    <ClInclude Include="GameObject.h">
      <Filter>Header Files\Physics</Filter>
    </ClInclude>
    <ClInclude Include="..\deps\aie\Gizmos.h">
      <Filter>Header Files\AIE Classes</Filter>
    </ClInclude>
    <ClInclude Include="PhysicsPlaneShape.h">
      <Filter>Header Files\Physics</Filter>
    </ClInclude>
    <ClInclude Include="PhysicsAABBShape.h">
      <Filter>Header Files\Physics</Filter>
    </ClInclude>
    <ClInclude Include="PhysicsCollision.h">
      <Filter>Header Files</Filter>
    </ClInclude>
  </ItemGroup>
  <ItemGroup>
    <ResourceCompile Include="Open_GL Engine.rc">
      <Filter>Resource Files</Filter>
    </ResourceCompile>
  </ItemGroup>
</Project>